
Microsoft Visual Studio Solution File, Format Version 12.00
# Visual Studio Version 16
VisualStudioVersion = 16.0.28803.452
MinimumVisualStudioVersion = 10.0.40219.1
Project("{FAE04EC0-301F-11D3-BF4B-00C04F79EFBC}") = "ProgressBar", "ProgressBar\ProgressBar.csproj", "{90B2F0F0-4CA0-48F0-A0A9-CE1051CACF99}"
EndProject
Global
	GlobalSection(SolutionConfigurationPlatforms) = preSolution
		Debug|Any CPU = Debug|Any CPU
		Release|Any CPU = Release|Any CPU
	EndGlobalSection
	GlobalSection(ProjectConfigurationPlatforms) = postSolution
		{90B2F0F0-4CA0-48F0-A0A9-CE1051CACF99}.Debug|Any CPU.ActiveCfg = Debug|Any CPU
		{90B2F0F0-4CA0-48F0-A0A9-CE1051CACF99}.Debug|Any CPU.Build.0 = Debug|Any CPU
		{90B2F0F0-4CA0-48F0-A0A9-CE1051CACF99}.Release|Any CPU.ActiveCfg = Release|Any CPU
		{90B2F0F0-4CA0-48F0-A0A9-CE1051CACF99}.Release|Any CPU.Build.0 = Release|Any CPU
	EndGlobalSection
	GlobalSection(SolutionProperties) = preSolution
		HideSolutionNode = FALSE
	EndGlobalSection
	GlobalSection(ExtensibilityGlobals) = postSolution
		SolutionGuid = {A237885A-F98B-49D8-A77D-ED91BEDE624C}
	EndGlobalSection
EndGlobal
